# THIS IS AN AUTOGENERATED FILE. DO NOT EDIT THIS FILE DIRECTLY.
# yarn lockfile v1


"@types/d3-scale@^4.0.1":
  version "4.0.2"
  resolved "https://registry.yarnpkg.com/@types/d3-scale/-/d3-scale-4.0.2.tgz#41be241126af4630524ead9cb1008ab2f0f26e69"
  integrity sha512-Yk4htunhPAwN0XGlIwArRomOjdoBFXC3+kCxK2Ubg7I9shQlVSJy/pG/Ht5ASN+gdMIalpk8TJ5xV74jFsetLA==
  dependencies:
    "@types/d3-time" "*"

"@types/d3-time@*", "@types/d3-time@^3.0.0":
  version "3.0.0"
  resolved "https://registry.yarnpkg.com/@types/d3-time/-/d3-time-3.0.0.tgz#e1ac0f3e9e195135361fa1a1d62f795d87e6e819"
  integrity sha512-sZLCdHvBUcNby1cB6Fd3ZBrABbjz3v1Vm90nysCQ6Vt7vd6e/h9Lt7SiJUoEX0l4Dzc7P5llKyhqSi1ycSf1Hg==

"d3-array@2 - 3", "d3-array@2.10.0 - 3":
  version "3.1.1"
  resolved "https://registry.yarnpkg.com/d3-array/-/d3-array-3.1.1.tgz#7797eb53ead6b9083c75a45a681e93fc41bc468c"
  integrity sha512-33qQ+ZoZlli19IFiQx4QEpf2CBEayMRzhlisJHSCsSUbDXv6ZishqS1x7uFVClKG4Wr7rZVHvaAttoLow6GqdQ==
  dependencies:
    internmap "1 - 2"

"d3-color@1 - 3":
  version "3.0.1"
  resolved "https://registry.yarnpkg.com/d3-color/-/d3-color-3.0.1.tgz#03316e595955d1fcd39d9f3610ad41bb90194d0a"
  integrity sha512-6/SlHkDOBLyQSJ1j1Ghs82OIUXpKWlR0hCsw0XrLSQhuUPuCSmLQ1QPH98vpnQxMUQM2/gfAkUEWsupVpd9JGw==

"d3-format@1 - 3":
  version "3.0.1"
  resolved "https://registry.yarnpkg.com/d3-format/-/d3-format-3.0.1.tgz#e41b81b2ab79277141ec1404aa5d05001da64084"
  integrity sha512-hdL7+HBIohpgfolhBxr1KX47VMD6+vVD/oEFrxk5yhmzV2prk99EkFKYpXuhVkFpTgHdJ6/4bYcjdLPPXV4tIA==

"d3-interpolate@1.2.0 - 3":
  version "3.0.1"
  resolved "https://registry.yarnpkg.com/d3-interpolate/-/d3-interpolate-3.0.1.tgz#3c47aa5b32c5b3dfb56ef3fd4342078a632b400d"
  integrity sha512-3bYs1rOD33uo8aqJfKP3JWPAibgw8Zm2+L9vBKEHJ2Rg+viTR7o5Mmv5mZcieN+FRYaAOWX5SJATX6k1PWz72g==
  dependencies:
    d3-color "1 - 3"

d3-scale@^4.0.0:
  version "4.0.2"
  resolved "https://registry.yarnpkg.com/d3-scale/-/d3-scale-4.0.2.tgz#82b38e8e8ff7080764f8dcec77bd4be393689396"
  integrity sha512-GZW464g1SH7ag3Y7hXjf8RoUuAFIqklOAq3MRl4OaWabTFJY9PN/E1YklhXLh+OQ3fM9yS2nOkCoS+WLZ6kvxQ==
  dependencies:
    d3-array "2.10.0 - 3"
    d3-format "1 - 3"
    d3-interpolate "1.2.0 - 3"
    d3-time "2.1.1 - 3"
    d3-time-format "2 - 4"

"d3-time-format@2 - 4":
  version "4.0.0"
  resolved "https://registry.yarnpkg.com/d3-time-format/-/d3-time-format-4.0.0.tgz#930ded86a9de761702344760d8a25753467f28b7"
  integrity sha512-nzaCwlj+ZVBIlFuVOT1RmU+6xb/7D5IcnhHzHQcBgS/aTa5K9fWZNN5LCXA27LgF5WxoSNJqKBbLcGMtM6Ca6A==
  dependencies:
    d3-time "1 - 3"

"d3-time@1 - 3", "d3-time@2.1.1 - 3", d3-time@^3.0.0:
  version "3.0.0"
  resolved "https://registry.yarnpkg.com/d3-time/-/d3-time-3.0.0.tgz#65972cb98ae2d4954ef5c932e8704061335d4975"
  integrity sha512-zmV3lRnlaLI08y9IMRXSDshQb5Nj77smnfpnd2LrBa/2K281Jijactokeak14QacHs/kKq0AQ121nidNYlarbQ==
  dependencies:
    d3-array "2 - 3"

"internmap@1 - 2":
  version "2.0.3"
  resolved "https://registry.yarnpkg.com/internmap/-/internmap-2.0.3.tgz#6685f23755e43c524e251d29cbc97248e3061009"
  integrity sha512-5Hh7Y1wQbvY5ooGgPbDaL5iYLAPzMTUrjMulskHLH6wnv/A+1q5rgEaiuqEjB+oxGXIVZs1FF+R/KPN3ZSQYYg==

just-throttle@^2.3.1:
  version "2.3.1"
  resolved "https://registry.yarnpkg.com/just-throttle/-/just-throttle-2.3.1.tgz#ef4a0710073bb4b0faf7dad1bc4ccabaeec4d0e6"
  integrity sha512-0H4miIAWZYpnpg7oD/Y/PBb77ISSHAETif5xK9EnwIgYCO6oC8ErkJxDumMUTR44shSOwptRIArRuvNuvN/hOw==
